hash: 0bd4b1f9cb64ea3ff8a82c20f58c1232f48c505cf26113f3db2c2c1ad4c8c244
updated: 2016-06-30T14:46:16.506879219-07:00
imports:
- name: github.com/cloudfoundry-incubator/candiedyaml
  version: 99c3df83b51532e3615f851d8c2dbb638f5313bf
- name: github.com/coreos/etcd
  version: 581f847e06a97dade895301d18714c50e70165cf
  subpackages:
  - clientv3
  - etcdserver/etcdserverpb
  - pkg/tlsutil
  - tools/functional-tester/etcd-agent/client
  - auth/authpb
  - etcdserver/api/v3rpc/rpctypes
  - mvcc/mvccpb
- name: github.com/coreos/go-systemd
  version: b32b8467dbea18858bfebf65c1a6a761090f2c31
  subpackages:
  - journal
- name: github.com/coreos/pkg
  version: a48e304ff9331be6d5df352b6b47bd1395ab5dd7
  subpackages:
  - capnslog
- name: github.com/dustin/go-humanize
  version: fef948f2d241bd1fd0631108ecc2c9553bae60bf
- name: github.com/gengo/grpc-gateway
  version: 04d03d2c0176f9060cc3da4945a71abc759648bc
  subpackages:
  - runtime
  - utilities
  - runtime/internal
- name: github.com/ghodss/yaml
  version: aa0c862057666179de291b67d9f093d12b5a8473
- name: github.com/gogo/protobuf
  version: 2752d97bbd91927dd1c43296dbf8700e50e2708c
  subpackages:
  - proto
- name: github.com/golang/protobuf
  version: 3852dcfda249c2097355a6aabb199a28d97b30df
  subpackages:
  - proto
  - jsonpb
- name: github.com/gorilla/websocket
  version: a87eae1d6ff562bf944755f4a6f527b6ef6fb888
- name: github.com/inconshreveable/mousetrap
  version: 76626ae9c91c4f2a10f34cad8ce83ea42c93bb75
- name: github.com/satori/go.uuid
  version: 879c5887cd475cd7864858769793b2ceb0d44feb
- name: github.com/spf13/cobra
  version: 6a8bd97bdb1fc0d08a83459940498ea49d3e8c93
- name: github.com/spf13/pflag
  version: 367864438f1b1a3c7db4da06a2f55b144e6784e0
- name: golang.org/x/net
  version: 8e573f4005aa312856df2ea97c32b9beac70dd89
  subpackages:
  - context
  - http2
  - trace
  - http2/hpack
  - lex/httplex
  - internal/timeseries
- name: google.golang.org/grpc
  version: f38b9a99069f13fc580342a9709f38d47d460b98
  subpackages:
  - credentials
  - grpclog
  - metadata
  - codes
  - internal
  - naming
  - transport
  - peer
testImports: []
